git.zyria.de/pyrox/hugo-legal v0.0.0-20250513081621-c909a1ce8af8 h1:ygajsehtx8pA7NNFpeusOymYoOuWv1TUsmA+JLLxdss=
git.zyria.de/pyrox/hugo-legal v0.0.0-20250513081621-c909a1ce8af8/go.mod h1:toDG6fvkjq5dz4fRe61EiBDBLRmKc8n7DeOg/c/5Rg8=
git.zyria.de/pyrox/hugo-legal v0.0.0-20250625155628-c250f4879fba h1:K1u3gFMqi5n0hA2bVSPw2ikJTTg0GibQ+K4q1eOPFRc=
git.zyria.de/pyrox/hugo-legal v0.0.0-20250625155628-c250f4879fba/go.mod h1:toDG6fvkjq5dz4fRe61EiBDBLRmKc8n7DeOg/c/5Rg8=
git.zyria.de/pyrox/zyria_de v0.0.0-20250624092458-fbbfca595a4e h1:k5NABuy/FFZmBdATep7vkW4cp609YFIDqsbwdClfv/k=
git.zyria.de/pyrox/zyria_de v0.0.0-20250624092458-fbbfca595a4e/go.mod h1:qwF5+yL7s3xbmmcf9rOT3RX4QFXrRWSOqTOXzFvxVbo=
github.com/nunocoracao/blowfish/v2 v2.87.0 h1:m8hGBNSGpzHwy5xUGUsBzvkYeSuACjujyMu1H7HTqHE=
github.com/nunocoracao/blowfish/v2 v2.87.0/go.mod h1:4SkMc+Ht8gpQCwArqiHMBDP3soxi2OWuAhVney+cuyk=
